
Microsoft Visual Studio Solution File, Format Version 12.00
# Visual Studio Version 17
VisualStudioVersion = 17.3.32901.215
MinimumVisualStudioVersion = 10.0.40219.1
Project("{FAE04EC0-301F-11D3-BF4B-00C04F79EFBC}") = "PrevisaoDoTempo", "PrevisaoDoTempo\PrevisaoDoTempo.csproj", "{63DEEEC2-20CF-40C3-AA31-7059DA637C77}"
EndProject
Global
	GlobalSection(SolutionConfigurationPlatforms) = preSolution
		Debug|Any CPU = Debug|Any CPU
		Release|Any CPU = Release|Any CPU
	EndGlobalSection
	GlobalSection(ProjectConfigurationPlatforms) = postSolution
		{63DEEEC2-20CF-40C3-AA31-7059DA637C77}.Debug|Any CPU.ActiveCfg = Debug|Any CPU
		{63DEEEC2-20CF-40C3-AA31-7059DA637C77}.Debug|Any CPU.Build.0 = Debug|Any CPU
		{63DEEEC2-20CF-40C3-AA31-7059DA637C77}.Release|Any CPU.ActiveCfg = Release|Any CPU
		{63DEEEC2-20CF-40C3-AA31-7059DA637C77}.Release|Any CPU.Build.0 = Release|Any CPU
	EndGlobalSection
	GlobalSection(SolutionProperties) = preSolution
		HideSolutionNode = FALSE
	EndGlobalSection
	GlobalSection(ExtensibilityGlobals) = postSolution
		SolutionGuid = {0BC9AD52-40D8-42CD-99D1-6D3D69464429}
	EndGlobalSection
EndGlobal
